
Microsoft Visual Studio Solution File, Format Version 12.00
# Visual Studio Version 17
VisualStudioVersion = 17.4.33122.133
MinimumVisualStudioVersion = 10.0.40219.1
Project("{9A19103F-16F7-4668-BE54-9A1E7A4F7556}") = "HelperStockBeta.Application", "HelperStockBeta.Application\HelperStockBeta.Application.csproj", "{B8A4A57B-8BDB-4317-B7D2-728C5BEA0DE0}"
	ProjectSection(ProjectDependencies) = postProject
		{C1DC23EA-94B4-42B3-9B4B-0B0572B93FE4} = {C1DC23EA-94B4-42B3-9B4B-0B0572B93FE4}
	EndProjectSection
EndProject
Project("{9A19103F-16F7-4668-BE54-9A1E7A4F7556}") = "HelperStockBeta.Domain", "HelperStockBeta.Domain\HelperStockBeta.Domain.csproj", "{C1DC23EA-94B4-42B3-9B4B-0B0572B93FE4}"
EndProject
Project("{9A19103F-16F7-4668-BE54-9A1E7A4F7556}") = "HelperStockBeta.Infra.IoC", "HelperStockBeta.Infra.IoC\HelperStockBeta.Infra.IoC.csproj", "{6CE92FC2-0A91-4E7F-9B54-44020805AAA4}"
EndProject
Project("{9A19103F-16F7-4668-BE54-9A1E7A4F7556}") = "HelperStockBeta.Infra.Data", "HelperStockBeta.Infra.Data\HelperStockBeta.Infra.Data.csproj", "{D2DAC343-55FA-4AB0-A3CA-490414250510}"
EndProject
Project("{9A19103F-16F7-4668-BE54-9A1E7A4F7556}") = "HelperStockBeta.WebUI", "HelperStockBeta.WebUI\HelperStockBeta.WebUI.csproj", "{012E675C-34AE-453E-85A5-EEC69467E263}"
EndProject
Project("{9A19103F-16F7-4668-BE54-9A1E7A4F7556}") = "HelperStockBeta.Domain.Test", "HelperStockBeta.Domain.Test\HelperStockBeta.Domain.Test.csproj", "{7B65E0C8-50AD-4A40-85BF-18671BB6CBE6}"
EndProject
Project("{FAE04EC0-301F-11D3-BF4B-00C04F79EFBC}") = "HelperStockBeta.API", "HelperStockBeta.API\HelperStockBeta.API.csproj", "{20FC24E6-5167-4077-B056-C01FEC0EE9A3}"
EndProject
Global
	GlobalSection(SolutionConfigurationPlatforms) = preSolution
		Debug|Any CPU = Debug|Any CPU
		Release|Any CPU = Release|Any CPU
	EndGlobalSection
	GlobalSection(ProjectConfigurationPlatforms) = postSolution
		{B8A4A57B-8BDB-4317-B7D2-728C5BEA0DE0}.Debug|Any CPU.ActiveCfg = Debug|Any CPU
		{B8A4A57B-8BDB-4317-B7D2-728C5BEA0DE0}.Debug|Any CPU.Build.0 = Debug|Any CPU
		{B8A4A57B-8BDB-4317-B7D2-728C5BEA0DE0}.Release|Any CPU.ActiveCfg = Release|Any CPU
		{B8A4A57B-8BDB-4317-B7D2-728C5BEA0DE0}.Release|Any CPU.Build.0 = Release|Any CPU
		{C1DC23EA-94B4-42B3-9B4B-0B0572B93FE4}.Debug|Any CPU.ActiveCfg = Debug|Any CPU
		{C1DC23EA-94B4-42B3-9B4B-0B0572B93FE4}.Debug|Any CPU.Build.0 = Debug|Any CPU
		{C1DC23EA-94B4-42B3-9B4B-0B0572B93FE4}.Release|Any CPU.ActiveCfg = Release|Any CPU
		{C1DC23EA-94B4-42B3-9B4B-0B0572B93FE4}.Release|Any CPU.Build.0 = Release|Any CPU
		{6CE92FC2-0A91-4E7F-9B54-44020805AAA4}.Debug|Any CPU.ActiveCfg = Debug|Any CPU
		{6CE92FC2-0A91-4E7F-9B54-44020805AAA4}.Debug|Any CPU.Build.0 = Debug|Any CPU
		{6CE92FC2-0A91-4E7F-9B54-44020805AAA4}.Release|Any CPU.ActiveCfg = Release|Any CPU
		{6CE92FC2-0A91-4E7F-9B54-44020805AAA4}.Release|Any CPU.Build.0 = Release|Any CPU
		{D2DAC343-55FA-4AB0-A3CA-490414250510}.Debug|Any CPU.ActiveCfg = Debug|Any CPU
		{D2DAC343-55FA-4AB0-A3CA-490414250510}.Debug|Any CPU.Build.0 = Debug|Any CPU
		{D2DAC343-55FA-4AB0-A3CA-490414250510}.Release|Any CPU.ActiveCfg = Release|Any CPU
		{D2DAC343-55FA-4AB0-A3CA-490414250510}.Release|Any CPU.Build.0 = Release|Any CPU
		{012E675C-34AE-453E-85A5-EEC69467E263}.Debug|Any CPU.ActiveCfg = Debug|Any CPU
		{012E675C-34AE-453E-85A5-EEC69467E263}.Debug|Any CPU.Build.0 = Debug|Any CPU
		{012E675C-34AE-453E-85A5-EEC69467E263}.Release|Any CPU.ActiveCfg = Release|Any CPU
		{012E675C-34AE-453E-85A5-EEC69467E263}.Release|Any CPU.Build.0 = Release|Any CPU
		{7B65E0C8-50AD-4A40-85BF-18671BB6CBE6}.Debug|Any CPU.ActiveCfg = Debug|Any CPU
		{7B65E0C8-50AD-4A40-85BF-18671BB6CBE6}.Debug|Any CPU.Build.0 = Debug|Any CPU
		{7B65E0C8-50AD-4A40-85BF-18671BB6CBE6}.Release|Any CPU.ActiveCfg = Release|Any CPU
		{7B65E0C8-50AD-4A40-85BF-18671BB6CBE6}.Release|Any CPU.Build.0 = Release|Any CPU
		{20FC24E6-5167-4077-B056-C01FEC0EE9A3}.Debug|Any CPU.ActiveCfg = Debug|Any CPU
		{20FC24E6-5167-4077-B056-C01FEC0EE9A3}.Debug|Any CPU.Build.0 = Debug|Any CPU
		{20FC24E6-5167-4077-B056-C01FEC0EE9A3}.Release|Any CPU.ActiveCfg = Release|Any CPU
		{20FC24E6-5167-4077-B056-C01FEC0EE9A3}.Release|Any CPU.Build.0 = Release|Any CPU
	EndGlobalSection
	GlobalSection(SolutionProperties) = preSolution
		HideSolutionNode = FALSE
	EndGlobalSection
	GlobalSection(ExtensibilityGlobals) = postSolution
		SolutionGuid = {29A48AB3-AA4A-4058-9D0D-5641F55158B2}
	EndGlobalSection
EndGlobal
