
Microsoft Visual Studio Solution File, Format Version 12.00
# Visual Studio Version 17
VisualStudioVersion = 17.7.34202.233
MinimumVisualStudioVersion = 10.0.40219.1
Project("{FAE04EC0-301F-11D3-BF4B-00C04F79EFBC}") = "HelperStockBeta.Domain", "HelperStockBeta.Domain\HelperStockBeta.Domain.csproj", "{F66006BF-74CE-4273-B5D8-36AD61B2EF01}"
EndProject
Project("{FAE04EC0-301F-11D3-BF4B-00C04F79EFBC}") = "HelperStockBeta.Aplication", "HelperStockBeta.Aplication\HelperStockBeta.Aplication.csproj", "{4140EBEF-600C-4CEA-902D-C01EFCC19243}"
EndProject
Project("{FAE04EC0-301F-11D3-BF4B-00C04F79EFBC}") = "HelperStockBeta.Infra.Data", "HelperStockBeta.Infra.Data\HelperStockBeta.Infra.Data.csproj", "{2535B387-6D57-4825-98A3-AD3763B75F33}"
EndProject
Project("{FAE04EC0-301F-11D3-BF4B-00C04F79EFBC}") = "HelperStockBeta.Infra.IoC", "HelperStockBeta.Infra.IoC\HelperStockBeta.Infra.IoC.csproj", "{CEEA0539-5560-4326-9A10-5F93789F50DA}"
EndProject
Project("{FAE04EC0-301F-11D3-BF4B-00C04F79EFBC}") = "HelperStockBeta.WebUI", "HelperStockBeta.WebUI\HelperStockBeta.WebUI.csproj", "{AE48FCB2-E27C-4076-8E8F-703B244FD893}"
EndProject
Global
	GlobalSection(SolutionConfigurationPlatforms) = preSolution
		Debug|Any CPU = Debug|Any CPU
		Release|Any CPU = Release|Any CPU
	EndGlobalSection
	GlobalSection(ProjectConfigurationPlatforms) = postSolution
		{F66006BF-74CE-4273-B5D8-36AD61B2EF01}.Debug|Any CPU.ActiveCfg = Debug|Any CPU
		{F66006BF-74CE-4273-B5D8-36AD61B2EF01}.Debug|Any CPU.Build.0 = Debug|Any CPU
		{F66006BF-74CE-4273-B5D8-36AD61B2EF01}.Release|Any CPU.ActiveCfg = Release|Any CPU
		{F66006BF-74CE-4273-B5D8-36AD61B2EF01}.Release|Any CPU.Build.0 = Release|Any CPU
		{4140EBEF-600C-4CEA-902D-C01EFCC19243}.Debug|Any CPU.ActiveCfg = Debug|Any CPU
		{4140EBEF-600C-4CEA-902D-C01EFCC19243}.Debug|Any CPU.Build.0 = Debug|Any CPU
		{4140EBEF-600C-4CEA-902D-C01EFCC19243}.Release|Any CPU.ActiveCfg = Release|Any CPU
		{4140EBEF-600C-4CEA-902D-C01EFCC19243}.Release|Any CPU.Build.0 = Release|Any CPU
		{2535B387-6D57-4825-98A3-AD3763B75F33}.Debug|Any CPU.ActiveCfg = Debug|Any CPU
		{2535B387-6D57-4825-98A3-AD3763B75F33}.Debug|Any CPU.Build.0 = Debug|Any CPU
		{2535B387-6D57-4825-98A3-AD3763B75F33}.Release|Any CPU.ActiveCfg = Release|Any CPU
		{2535B387-6D57-4825-98A3-AD3763B75F33}.Release|Any CPU.Build.0 = Release|Any CPU
		{CEEA0539-5560-4326-9A10-5F93789F50DA}.Debug|Any CPU.ActiveCfg = Debug|Any CPU
		{CEEA0539-5560-4326-9A10-5F93789F50DA}.Debug|Any CPU.Build.0 = Debug|Any CPU
		{CEEA0539-5560-4326-9A10-5F93789F50DA}.Release|Any CPU.ActiveCfg = Release|Any CPU
		{CEEA0539-5560-4326-9A10-5F93789F50DA}.Release|Any CPU.Build.0 = Release|Any CPU
		{AE48FCB2-E27C-4076-8E8F-703B244FD893}.Debug|Any CPU.ActiveCfg = Debug|Any CPU
		{AE48FCB2-E27C-4076-8E8F-703B244FD893}.Debug|Any CPU.Build.0 = Debug|Any CPU
		{AE48FCB2-E27C-4076-8E8F-703B244FD893}.Release|Any CPU.ActiveCfg = Release|Any CPU
		{AE48FCB2-E27C-4076-8E8F-703B244FD893}.Release|Any CPU.Build.0 = Release|Any CPU
	EndGlobalSection
	GlobalSection(SolutionProperties) = preSolution
		HideSolutionNode = FALSE
	EndGlobalSection
	GlobalSection(ExtensibilityGlobals) = postSolution
		SolutionGuid = {686A7CB0-28FC-49AA-8A30-17579DCF3788}
	EndGlobalSection
EndGlobal
